
Microsoft Visual Studio Solution File, Format Version 12.00
# Visual Studio Version 16
VisualStudioVersion = 16.0.30406.217
MinimumVisualStudioVersion = 10.0.40219.1
Project("{FAE04EC0-301F-11D3-BF4B-00C04F79EFBC}") = "AirTech.Server", "AirTech\Server\AirTech.Server.csproj", "{97F61DA1-E62A-417C-8239-23A4C8E9D3C7}"
EndProject
Project("{FAE04EC0-301F-11D3-BF4B-00C04F79EFBC}") = "AirTech.Client", "AirTech\Client\AirTech.Client.csproj", "{2E9DB225-73C0-4FD9-A446-E5588469B9E4}"
EndProject
Project("{FAE04EC0-301F-11D3-BF4B-00C04F79EFBC}") = "AirTech.Shared", "AirTech\Shared\AirTech.Shared.csproj", "{EB8B4A2F-38DD-47C0-AF4B-31DA26126340}"
EndProject
Global
	GlobalSection(SolutionConfigurationPlatforms) = preSolution
		Debug|Any CPU = Debug|Any CPU
		Release|Any CPU = Release|Any CPU
	EndGlobalSection
	GlobalSection(ProjectConfigurationPlatforms) = postSolution
		{97F61DA1-E62A-417C-8239-23A4C8E9D3C7}.Debug|Any CPU.ActiveCfg = Debug|Any CPU
		{97F61DA1-E62A-417C-8239-23A4C8E9D3C7}.Debug|Any CPU.Build.0 = Debug|Any CPU
		{97F61DA1-E62A-417C-8239-23A4C8E9D3C7}.Release|Any CPU.ActiveCfg = Release|Any CPU
		{97F61DA1-E62A-417C-8239-23A4C8E9D3C7}.Release|Any CPU.Build.0 = Release|Any CPU
		{2E9DB225-73C0-4FD9-A446-E5588469B9E4}.Debug|Any CPU.ActiveCfg = Debug|Any CPU
		{2E9DB225-73C0-4FD9-A446-E5588469B9E4}.Debug|Any CPU.Build.0 = Debug|Any CPU
		{2E9DB225-73C0-4FD9-A446-E5588469B9E4}.Release|Any CPU.ActiveCfg = Release|Any CPU
		{2E9DB225-73C0-4FD9-A446-E5588469B9E4}.Release|Any CPU.Build.0 = Release|Any CPU
		{EB8B4A2F-38DD-47C0-AF4B-31DA26126340}.Debug|Any CPU.ActiveCfg = Debug|Any CPU
		{EB8B4A2F-38DD-47C0-AF4B-31DA26126340}.Debug|Any CPU.Build.0 = Debug|Any CPU
		{EB8B4A2F-38DD-47C0-AF4B-31DA26126340}.Release|Any CPU.ActiveCfg = Release|Any CPU
		{EB8B4A2F-38DD-47C0-AF4B-31DA26126340}.Release|Any CPU.Build.0 = Release|Any CPU
	EndGlobalSection
	GlobalSection(SolutionProperties) = preSolution
		HideSolutionNode = FALSE
	EndGlobalSection
	GlobalSection(ExtensibilityGlobals) = postSolution
		SolutionGuid = {6BAF8330-1863-4A84-88DC-617EF373F047}
	EndGlobalSection
EndGlobal
